{
  "name": "dsh-trivium",
  "version": "0.1.0",
  "lockfileVersion": 3,
  "requires": true,
  "packages": {
    "": {
      "name": "dsh-trivium",
      "version": "0.1.0",
      "license": "MIT",
      "dependencies": {
        "triviumdb": "^0.7.4"
      },
      "engines": {
        "node": "^22.19.0 || >=24"
      },
      "peerDependencies": {
        "@deepseek-ai/dsh-llm": "0.1.0-rc.6",
        "@deepseek-ai/dsh-tools": "0.1.0-rc.6"
      }
    },
    "node_modules/triviumdb": {
      "version": "0.7.4",
      "resolved": "https://registry.npmjs.org/triviumdb/-/triviumdb-0.7.4.tgz",
      "integrity": "sha512-+tLzrBN5nM+61+uLy1+WMhbam/AwTANT/uN/VkULE9HDbENGyluT9hxn7YxqRaSyyvdqolzvRya733+gP9l+PA==",
      "license": "Apache-2.0"
    }
  }
}
