{
  "name": "dsh-trivium",
  "version": "0.4.18",
  "lockfileVersion": 3,
  "requires": true,
  "packages": {
    "": {
      "name": "dsh-trivium",
      "version": "0.4.18",
      "license": "MIT",
      "dependencies": {
        "triviumdb": "^0.8.8"
      },
      "engines": {
        "node": "^22.19.0 || >=24"
      },
      "peerDependencies": {
        "@deepseek-ai/dsh-llm": ">=0.1.0-rc.8 <0.1.1 || >=0.1.1-rc.2 <0.2.0",
        "@deepseek-ai/dsh-tools": ">=0.1.0-rc.8 <0.1.1 || >=0.1.1-rc.2 <0.2.0"
      }
    },
    "node_modules/triviumdb": {
      "version": "0.8.8",
      "resolved": "https://registry.npmjs.org/triviumdb/-/triviumdb-0.8.8.tgz",
      "integrity": "sha512-zYXws1W5rsUzg/rW+sUZg7B751fqolqwlWXEXEmSEYtJrN1ti1Uj54Kemm96szDln440ZK0JOCb80ZBP6uQKfw==",
      "license": "Apache-2.0"
    }
  }
}
