{
  "name": "dsh-trivium",
  "version": "0.4.4",
  "lockfileVersion": 3,
  "requires": true,
  "packages": {
    "": {
      "name": "dsh-trivium",
      "version": "0.4.4",
      "license": "MIT",
      "dependencies": {
        "triviumdb": "^0.7.5"
      },
      "engines": {
        "node": "^22.19.0 || >=24"
      },
      "peerDependencies": {
        "@deepseek-ai/dsh-llm": "0.1.0-rc.8",
        "@deepseek-ai/dsh-tools": "0.1.0-rc.8"
      }
    },
    "node_modules/triviumdb": {
      "version": "0.7.5",
      "resolved": "https://registry.npmjs.org/triviumdb/-/triviumdb-0.7.5.tgz",
      "integrity": "sha512-ikYsf6mHFdqJd0MARldxbTiDnzXyeOEnOpbMwGiJge+s2Qj1UNZxm4kwNd4ztcA8bgVTAZPQnMe7Cn71WJX86w==",
      "license": "Apache-2.0"
    }
  }
}
